
Microsoft Visual Studio Solution File, Format Version 12.00
# Visual Studio Version 17
VisualStudioVersion = 17.8.34408.163
MinimumVisualStudioVersion = 10.0.40219.1
Project("{FAE04EC0-301F-11D3-BF4B-00C04F79EFBC}") = "SchoolManagmentSystem.Server", "SchoolMenagmentSystem.Server\SchoolManagmentSystem.Server.csproj", "{422A8C92-33F1-43BF-9EBE-8D99BAEE5ED2}"
EndProject
Project("{54A90642-561A-4BB1-A94E-469ADEE60C69}") = "schoolmanagmentsystem.client", "schoolmenagmentsystem.client\schoolmanagmentsystem.client.esproj", "{73A8340E-488C-4D90-810E-C016640C7285}"
EndProject
Global
	GlobalSection(SolutionConfigurationPlatforms) = preSolution
		Debug|Any CPU = Debug|Any CPU
		Release|Any CPU = Release|Any CPU
	EndGlobalSection
	GlobalSection(ProjectConfigurationPlatforms) = postSolution
		{422A8C92-33F1-43BF-9EBE-8D99BAEE5ED2}.Debug|Any CPU.ActiveCfg = Debug|Any CPU
		{422A8C92-33F1-43BF-9EBE-8D99BAEE5ED2}.Debug|Any CPU.Build.0 = Debug|Any CPU
		{422A8C92-33F1-43BF-9EBE-8D99BAEE5ED2}.Release|Any CPU.ActiveCfg = Release|Any CPU
		{422A8C92-33F1-43BF-9EBE-8D99BAEE5ED2}.Release|Any CPU.Build.0 = Release|Any CPU
		{73A8340E-488C-4D90-810E-C016640C7285}.Debug|Any CPU.ActiveCfg = Debug|Any CPU
		{73A8340E-488C-4D90-810E-C016640C7285}.Debug|Any CPU.Build.0 = Debug|Any CPU
		{73A8340E-488C-4D90-810E-C016640C7285}.Debug|Any CPU.Deploy.0 = Debug|Any CPU
		{73A8340E-488C-4D90-810E-C016640C7285}.Release|Any CPU.ActiveCfg = Release|Any CPU
		{73A8340E-488C-4D90-810E-C016640C7285}.Release|Any CPU.Build.0 = Release|Any CPU
		{73A8340E-488C-4D90-810E-C016640C7285}.Release|Any CPU.Deploy.0 = Release|Any CPU
	EndGlobalSection
	GlobalSection(SolutionProperties) = preSolution
		HideSolutionNode = FALSE
	EndGlobalSection
	GlobalSection(ExtensibilityGlobals) = postSolution
		SolutionGuid = {531D9410-7347-4D5B-87F2-19B756301014}
	EndGlobalSection
EndGlobal
